
Microsoft Visual Studio Solution File, Format Version 12.00
# Visual Studio Version 17
VisualStudioVersion = 17.7.34031.279
MinimumVisualStudioVersion = 10.0.40219.1
Project("{9A19103F-16F7-4668-BE54-9A1E7A4F7556}") = "MathGame", "MathGame\MathGame.csproj", "{DFB43503-FE59-4E9E-B31B-064BE13BBB63}"
EndProject
Project("{2150E333-8FDC-42A3-9474-1A3956D46DE8}") = "MathGame", "MathGame", "{0511F0C4-D56F-48DD-A50E-60D91F141E10}"
EndProject
Project("{2150E333-8FDC-42A3-9474-1A3956D46DE8}") = "Calculator", "Calculator", "{9AF53072-9FCF-4557-9C27-02DF2BC9638D}"
EndProject
Project("{9A19103F-16F7-4668-BE54-9A1E7A4F7556}") = "Calculator", "Calculator\Calculator.csproj", "{4DF5B24B-8843-4684-86B3-CAD1C7E150DA}"
EndProject
Project("{2150E333-8FDC-42A3-9474-1A3956D46DE8}") = "ParkingSoftware", "ParkingSoftware", "{8DE69EC0-7994-4DF2-A895-2AA74BBC98AF}"
EndProject
Project("{9A19103F-16F7-4668-BE54-9A1E7A4F7556}") = "CarParkingSimulator", "CarParkingSimulator\CarParkingSimulator.csproj", "{D2865FDB-BC16-4EB6-A701-1BA6A9ED96DC}"
EndProject
Project("{2150E333-8FDC-42A3-9474-1A3956D46DE8}") = "Temperature", "Temperature", "{2DCED2BA-5DD4-4FAA-8C6C-DDDE87A61731}"
EndProject
Project("{9A19103F-16F7-4668-BE54-9A1E7A4F7556}") = "ClosestToZero", "ClosestToZero\ClosestToZero.csproj", "{159BE2E2-AC4B-411B-A97D-8720BFFDFDC8}"
EndProject
Project("{2150E333-8FDC-42A3-9474-1A3956D46DE8}") = "LINQ", "LINQ", "{18807164-6281-4A61-BDE3-5B177C2EFFE6}"
EndProject
Project("{9A19103F-16F7-4668-BE54-9A1E7A4F7556}") = "LinqCheatSheet", "LinqCheatSheet\LinqCheatSheet.csproj", "{B38C277C-B2C8-443E-9193-1EF71DA3309F}"
EndProject
Project("{2150E333-8FDC-42A3-9474-1A3956D46DE8}") = "SchoolProject", "SchoolProject", "{A141062B-7E24-419E-A735-9808452AD672}"
EndProject
Project("{9A19103F-16F7-4668-BE54-9A1E7A4F7556}") = "Academy", "Academy\Academy.csproj", "{654D2446-3022-495A-8C0E-C718722911A8}"
EndProject
Project("{2150E333-8FDC-42A3-9474-1A3956D46DE8}") = "DemoApiProject", "DemoApiProject", "{3DD217EA-E092-4E96-B9AF-4812C547F082}"
EndProject
Project("{FAE04EC0-301F-11D3-BF4B-00C04F79EFBC}") = "DemoProject", "DemoProject\DemoProject.csproj", "{39194CA2-3E93-4FDA-9444-836F550E8749}"
EndProject
Global
	GlobalSection(SolutionConfigurationPlatforms) = preSolution
		Debug|Any CPU = Debug|Any CPU
		Release|Any CPU = Release|Any CPU
	EndGlobalSection
	GlobalSection(ProjectConfigurationPlatforms) = postSolution
		{DFB43503-FE59-4E9E-B31B-064BE13BBB63}.Debug|Any CPU.ActiveCfg = Debug|Any CPU
		{DFB43503-FE59-4E9E-B31B-064BE13BBB63}.Debug|Any CPU.Build.0 = Debug|Any CPU
		{DFB43503-FE59-4E9E-B31B-064BE13BBB63}.Release|Any CPU.ActiveCfg = Release|Any CPU
		{DFB43503-FE59-4E9E-B31B-064BE13BBB63}.Release|Any CPU.Build.0 = Release|Any CPU
		{4DF5B24B-8843-4684-86B3-CAD1C7E150DA}.Debug|Any CPU.ActiveCfg = Debug|Any CPU
		{4DF5B24B-8843-4684-86B3-CAD1C7E150DA}.Debug|Any CPU.Build.0 = Debug|Any CPU
		{4DF5B24B-8843-4684-86B3-CAD1C7E150DA}.Release|Any CPU.ActiveCfg = Release|Any CPU
		{4DF5B24B-8843-4684-86B3-CAD1C7E150DA}.Release|Any CPU.Build.0 = Release|Any CPU
		{D2865FDB-BC16-4EB6-A701-1BA6A9ED96DC}.Debug|Any CPU.ActiveCfg = Debug|Any CPU
		{D2865FDB-BC16-4EB6-A701-1BA6A9ED96DC}.Debug|Any CPU.Build.0 = Debug|Any CPU
		{D2865FDB-BC16-4EB6-A701-1BA6A9ED96DC}.Release|Any CPU.ActiveCfg = Release|Any CPU
		{D2865FDB-BC16-4EB6-A701-1BA6A9ED96DC}.Release|Any CPU.Build.0 = Release|Any CPU
		{159BE2E2-AC4B-411B-A97D-8720BFFDFDC8}.Debug|Any CPU.ActiveCfg = Debug|Any CPU
		{159BE2E2-AC4B-411B-A97D-8720BFFDFDC8}.Debug|Any CPU.Build.0 = Debug|Any CPU
		{159BE2E2-AC4B-411B-A97D-8720BFFDFDC8}.Release|Any CPU.ActiveCfg = Release|Any CPU
		{159BE2E2-AC4B-411B-A97D-8720BFFDFDC8}.Release|Any CPU.Build.0 = Release|Any CPU
		{B38C277C-B2C8-443E-9193-1EF71DA3309F}.Debug|Any CPU.ActiveCfg = Debug|Any CPU
		{B38C277C-B2C8-443E-9193-1EF71DA3309F}.Debug|Any CPU.Build.0 = Debug|Any CPU
		{B38C277C-B2C8-443E-9193-1EF71DA3309F}.Release|Any CPU.ActiveCfg = Release|Any CPU
		{B38C277C-B2C8-443E-9193-1EF71DA3309F}.Release|Any CPU.Build.0 = Release|Any CPU
		{654D2446-3022-495A-8C0E-C718722911A8}.Debug|Any CPU.ActiveCfg = Debug|Any CPU
		{654D2446-3022-495A-8C0E-C718722911A8}.Debug|Any CPU.Build.0 = Debug|Any CPU
		{654D2446-3022-495A-8C0E-C718722911A8}.Release|Any CPU.ActiveCfg = Release|Any CPU
		{654D2446-3022-495A-8C0E-C718722911A8}.Release|Any CPU.Build.0 = Release|Any CPU
		{39194CA2-3E93-4FDA-9444-836F550E8749}.Debug|Any CPU.ActiveCfg = Debug|Any CPU
		{39194CA2-3E93-4FDA-9444-836F550E8749}.Debug|Any CPU.Build.0 = Debug|Any CPU
		{39194CA2-3E93-4FDA-9444-836F550E8749}.Release|Any CPU.ActiveCfg = Release|Any CPU
		{39194CA2-3E93-4FDA-9444-836F550E8749}.Release|Any CPU.Build.0 = Release|Any CPU
	EndGlobalSection
	GlobalSection(SolutionProperties) = preSolution
		HideSolutionNode = FALSE
	EndGlobalSection
	GlobalSection(NestedProjects) = preSolution
		{DFB43503-FE59-4E9E-B31B-064BE13BBB63} = {0511F0C4-D56F-48DD-A50E-60D91F141E10}
		{4DF5B24B-8843-4684-86B3-CAD1C7E150DA} = {9AF53072-9FCF-4557-9C27-02DF2BC9638D}
		{D2865FDB-BC16-4EB6-A701-1BA6A9ED96DC} = {8DE69EC0-7994-4DF2-A895-2AA74BBC98AF}
		{159BE2E2-AC4B-411B-A97D-8720BFFDFDC8} = {2DCED2BA-5DD4-4FAA-8C6C-DDDE87A61731}
		{B38C277C-B2C8-443E-9193-1EF71DA3309F} = {18807164-6281-4A61-BDE3-5B177C2EFFE6}
		{654D2446-3022-495A-8C0E-C718722911A8} = {A141062B-7E24-419E-A735-9808452AD672}
		{39194CA2-3E93-4FDA-9444-836F550E8749} = {3DD217EA-E092-4E96-B9AF-4812C547F082}
	EndGlobalSection
	GlobalSection(ExtensibilityGlobals) = postSolution
		SolutionGuid = {F84AF155-AE0B-4705-84AA-3E928466C21D}
	EndGlobalSection
EndGlobal
